
Microsoft Visual Studio Solution File, Format Version 12.00
# Visual Studio Version 16
VisualStudioVersion = 16.0.30320.27
MinimumVisualStudioVersion = 10.0.40219.1
Project("{2150E333-8FDC-42A3-9474-1A3956D46DE8}") = "1 - Application", "1 - Application", "{5B89B0E4-BBBD-4041-8925-5982FFFF9EBD}"
EndProject
Project("{2150E333-8FDC-42A3-9474-1A3956D46DE8}") = "2 - Domain", "2 - Domain", "{67E5470E-2D72-4A62-AF8C-E06B4A178DE3}"
EndProject
Project("{2150E333-8FDC-42A3-9474-1A3956D46DE8}") = "3 - Services", "3 - Services", "{1DF34D31-0315-4C79-8157-A2AD8735D346}"
EndProject
Project("{2150E333-8FDC-42A3-9474-1A3956D46DE8}") = "4 - Infrastructure", "4 - Infrastructure", "{21D93756-E4D7-4425-954E-E7A120EBAEE9}"
EndProject
Project("{9A19103F-16F7-4668-BE54-9A1E7A4F7556}") = "MyPasswordAPI.Application", "MyPasswordAPI.Application\MyPasswordAPI.Application.csproj", "{139A03C7-D72C-4F62-AE87-5F345C3B9712}"
EndProject
Project("{9A19103F-16F7-4668-BE54-9A1E7A4F7556}") = "MyPasswordAPI.Domain", "MyPasswordAPI.Domain\MyPasswordAPI.Domain.csproj", "{2B886432-808A-4035-9EC2-2F1697DDCC0A}"
EndProject
Project("{9A19103F-16F7-4668-BE54-9A1E7A4F7556}") = "MyPasswordAPI.Services", "MyPasswordAPI.Services\MyPasswordAPI.Services.csproj", "{E513DD77-3CC1-4C3F-A9B9-966BF65A5456}"
EndProject
Project("{9A19103F-16F7-4668-BE54-9A1E7A4F7556}") = "MyPasswordAPI.Infrastructure.Data", "MyPasswordAPI.Infrastructure.Data\MyPasswordAPI.Infrastructure.Data.csproj", "{300FBB20-B22E-4842-83BC-C0C8FE95D27D}"
EndProject
Global
	GlobalSection(SolutionConfigurationPlatforms) = preSolution
		Debug|Any CPU = Debug|Any CPU
		Release|Any CPU = Release|Any CPU
	EndGlobalSection
	GlobalSection(ProjectConfigurationPlatforms) = postSolution
		{139A03C7-D72C-4F62-AE87-5F345C3B9712}.Debug|Any CPU.ActiveCfg = Debug|Any CPU
		{139A03C7-D72C-4F62-AE87-5F345C3B9712}.Debug|Any CPU.Build.0 = Debug|Any CPU
		{139A03C7-D72C-4F62-AE87-5F345C3B9712}.Release|Any CPU.ActiveCfg = Release|Any CPU
		{139A03C7-D72C-4F62-AE87-5F345C3B9712}.Release|Any CPU.Build.0 = Release|Any CPU
		{2B886432-808A-4035-9EC2-2F1697DDCC0A}.Debug|Any CPU.ActiveCfg = Debug|Any CPU
		{2B886432-808A-4035-9EC2-2F1697DDCC0A}.Debug|Any CPU.Build.0 = Debug|Any CPU
		{2B886432-808A-4035-9EC2-2F1697DDCC0A}.Release|Any CPU.ActiveCfg = Release|Any CPU
		{2B886432-808A-4035-9EC2-2F1697DDCC0A}.Release|Any CPU.Build.0 = Release|Any CPU
		{E513DD77-3CC1-4C3F-A9B9-966BF65A5456}.Debug|Any CPU.ActiveCfg = Debug|Any CPU
		{E513DD77-3CC1-4C3F-A9B9-966BF65A5456}.Debug|Any CPU.Build.0 = Debug|Any CPU
		{E513DD77-3CC1-4C3F-A9B9-966BF65A5456}.Release|Any CPU.ActiveCfg = Release|Any CPU
		{E513DD77-3CC1-4C3F-A9B9-966BF65A5456}.Release|Any CPU.Build.0 = Release|Any CPU
		{300FBB20-B22E-4842-83BC-C0C8FE95D27D}.Debug|Any CPU.ActiveCfg = Debug|Any CPU
		{300FBB20-B22E-4842-83BC-C0C8FE95D27D}.Debug|Any CPU.Build.0 = Debug|Any CPU
		{300FBB20-B22E-4842-83BC-C0C8FE95D27D}.Release|Any CPU.ActiveCfg = Release|Any CPU
		{300FBB20-B22E-4842-83BC-C0C8FE95D27D}.Release|Any CPU.Build.0 = Release|Any CPU
	EndGlobalSection
	GlobalSection(SolutionProperties) = preSolution
		HideSolutionNode = FALSE
	EndGlobalSection
	GlobalSection(NestedProjects) = preSolution
		{139A03C7-D72C-4F62-AE87-5F345C3B9712} = {5B89B0E4-BBBD-4041-8925-5982FFFF9EBD}
		{2B886432-808A-4035-9EC2-2F1697DDCC0A} = {67E5470E-2D72-4A62-AF8C-E06B4A178DE3}
		{E513DD77-3CC1-4C3F-A9B9-966BF65A5456} = {1DF34D31-0315-4C79-8157-A2AD8735D346}
		{300FBB20-B22E-4842-83BC-C0C8FE95D27D} = {21D93756-E4D7-4425-954E-E7A120EBAEE9}
	EndGlobalSection
	GlobalSection(ExtensibilityGlobals) = postSolution
		SolutionGuid = {9A29E597-5B37-45AB-AF25-5511C78D64AC}
	EndGlobalSection
EndGlobal
